// !$*UTF8*$!
{
	archiveVersion = 1;
	classes = {
	};
	objectVersion = 55;
	objects = {

/* Begin PBXBuildFile section */
		853EED3027C45B0900465632 /* Cardify.swift in Sources */ = {isa = PBXBuildFile; fileRef = 853EED2F27C45B0900465632 /* Cardify.swift */; };
		85505FF527BD68A400516E27 /* AspectVGrid.swift in Sources */ = {isa = PBXBuildFile; fileRef = 85505FF427BD68A400516E27 /* AspectVGrid.swift */; };
		85505FF727C028B100516E27 /* PieShape.swift in Sources */ = {isa = PBXBuildFile; fileRef = 85505FF627C028B100516E27 /* PieShape.swift */; };
		8576692A27B3391800B3C286 /* MemorizeGameApp.swift in Sources */ = {isa = PBXBuildFile; fileRef = 8576692927B3391800B3C286 /* MemorizeGameApp.swift */; };
		8576692C27B3391800B3C286 /* EmojiMemoryGameView.swift in Sources */ = {isa = PBXBuildFile; fileRef = 8576692B27B3391800B3C286 /* EmojiMemoryGameView.swift */; };
		8576692E27B3391B00B3C286 /* Assets.xcassets in Resources */ = {isa = PBXBuildFile; fileRef = 8576692D27B3391B00B3C286 /* Assets.xcassets */; };
		8576693127B3391B00B3C286 /* Preview Assets.xcassets in Resources */ = {isa = PBXBuildFile; fileRef = 8576693027B3391B00B3C286 /* Preview Assets.xcassets */; };
		8576693B27B3391B00B3C286 /* MemorizeGameTests.swift in Sources */ = {isa = PBXBuildFile; fileRef = 8576693A27B3391B00B3C286 /* MemorizeGameTests.swift */; };
		8576694527B3391B00B3C286 /* MemorizeGameUITests.swift in Sources */ = {isa = PBXBuildFile; fileRef = 8576694427B3391B00B3C286 /* MemorizeGameUITests.swift */; };
		8576694727B3391B00B3C286 /* MemorizeGameUITestsLaunchTests.swift in Sources */ = {isa = PBXBuildFile; fileRef = 8576694627B3391B00B3C286 /* MemorizeGameUITestsLaunchTests.swift */; };
		8576695427B358C300B3C286 /* MemoryGameModel.swift in Sources */ = {isa = PBXBuildFile; fileRef = 8576695327B358C300B3C286 /* MemoryGameModel.swift */; };
		8576695627B35AA400B3C286 /* EmojiMemoryGameViewModel.swift in Sources */ = {isa = PBXBuildFile; fileRef = 8576695527B35AA400B3C286 /* EmojiMemoryGameViewModel.swift */; };
/* End PBXBuildFile section */

/* Begin PBXContainerItemProxy section */
		8576693727B3391B00B3C286 /* PBXContainerItemProxy */ = {
			isa = PBXContainerItemProxy;
			containerPortal = 8576691E27B3391800B3C286 /* Project object */;
			proxyType = 1;
			remoteGlobalIDString = 8576692527B3391800B3C286;
			remoteInfo = MemorizeGame;
		};
		8576694127B3391B00B3C286 /* PBXContainerItemProxy */ = {
			isa = PBXContainerItemProxy;
			containerPortal = 8576691E27B3391800B3C286 /* Project object */;
			proxyType = 1;
			remoteGlobalIDString = 8576692527B3391800B3C286;
			remoteInfo = MemorizeGame;
		};
/* End PBXContainerItemProxy section */

/* Begin PBXFileReference section */
		853EED2F27C45B0900465632 /* Cardify.swift */ = {isa = PBXFileReference; lastKnownFileType = sourcecode.swift; path = Cardify.swift; sourceTree = "<group>"; };
		85505FF427BD68A400516E27 /* AspectVGrid.swift */ = {isa = PBXFileReference; lastKnownFileType = sourcecode.swift; path = AspectVGrid.swift; sourceTree = "<group>"; };
		85505FF627C028B100516E27 /* PieShape.swift */ = {isa = PBXFileReference; lastKnownFileType = sourcecode.swift; path = PieShape.swift; sourceTree = "<group>"; };
		8576692627B3391800B3C286 /* MemorizeGame.app */ = {isa = PBXFileReference; explicitFileType = wrapper.application; includeInIndex = 0; path = MemorizeGame.app; sourceTree = BUILT_PRODUCTS_DIR; };
		8576692927B3391800B3C286 /* MemorizeGameApp.swift */ = {isa = PBXFileReference; lastKnownFileType = sourcecode.swift; path = MemorizeGameApp.swift; sourceTree = "<group>"; };
		8576692B27B3391800B3C286 /* EmojiMemoryGameView.swift */ = {isa = PBXFileReference; lastKnownFileType = sourcecode.swift; path = EmojiMemoryGameView.swift; sourceTree = "<group>"; };
		8576692D27B3391B00B3C286 /* Assets.xcassets */ = {isa = PBXFileReference; lastKnownFileType = folder.assetcatalog; path = Assets.xcassets; sourceTree = "<group>"; };
		8576693027B3391B00B3C286 /* Preview Assets.xcassets */ = {isa = PBXFileReference; lastKnownFileType = folder.assetcatalog; path = "Preview Assets.xcassets"; sourceTree = "<group>"; };
		8576693627B3391B00B3C286 /* MemorizeGameTests.xctest */ = {isa = PBXFileReference; explicitFileType = wrapper.cfbundle; includeInIndex = 0; path = MemorizeGameTests.xctest; sourceTree = BUILT_PRODUCTS_DIR; };
		8576693A27B3391B00B3C286 /* MemorizeGameTests.swift */ = {isa = PBXFileReference; lastKnownFileType = sourcecode.swift; path = MemorizeGameTests.swift; sourceTree = "<group>"; };
		8576694027B3391B00B3C286 /* MemorizeGameUITests.xctest */ = {isa = PBXFileReference; explicitFileType = wrapper.cfbundle; includeInIndex = 0; path = MemorizeGameUITests.xctest; sourceTree = BUILT_PRODUCTS_DIR; };
		8576694427B3391B00B3C286 /* MemorizeGameUITests.swift */ = {isa = PBXFileReference; lastKnownFileType = sourcecode.swift; path = MemorizeGameUITests.swift; sourceTree = "<group>"; };
		8576694627B3391B00B3C286 /* MemorizeGameUITestsLaunchTests.swift */ = {isa = PBXFileReference; lastKnownFileType = sourcecode.swift; path = MemorizeGameUITestsLaunchTests.swift; sourceTree = "<group>"; };
		8576695327B358C300B3C286 /* MemoryGameModel.swift */ = {isa = PBXFileReference; lastKnownFileType = sourcecode.swift; path = MemoryGameModel.swift; sourceTree = "<group>"; };
		8576695527B35AA400B3C286 /* EmojiMemoryGameViewModel.swift */ = {isa = PBXFileReference; lastKnownFileType = sourcecode.swift; path = EmojiMemoryGameViewModel.swift; sourceTree = "<group>"; };
/* End PBXFileReference section */

/* Begin PBXFrameworksBuildPhase section */
		8576692327B3391800B3C286 /* Frameworks */ = {
			isa = PBXFrameworksBuildPhase;
			buildActionMask = 2147483647;
			files = (
			);
			runOnlyForDeploymentPostprocessing = 0;
		};
		8576693327B3391B00B3C286 /* Frameworks */ = {
			isa = PBXFrameworksBuildPhase;
			buildActionMask = 2147483647;
			files = (
			);
			runOnlyForDeploymentPostprocessing = 0;
		};
		8576693D27B3391B00B3C286 /* Frameworks */ = {
			isa = PBXFrameworksBuildPhase;
			buildActionMask = 2147483647;
			files = (
			);
			runOnlyForDeploymentPostprocessing = 0;
		};
/* End PBXFrameworksBuildPhase section */

/* Begin PBXGroup section */
		8576691D27B3391800B3C286 = {
			isa = PBXGroup;
			children = (
				8576692827B3391800B3C286 /* MemorizeGame */,
				8576693927B3391B00B3C286 /* MemorizeGameTests */,
				8576694327B3391B00B3C286 /* MemorizeGameUITests */,
				8576692727B3391800B3C286 /* Products */,
			);
			sourceTree = "<group>";
		};
		8576692727B3391800B3C286 /* Products */ = {
			isa = PBXGroup;
			children = (
				8576692627B3391800B3C286 /* MemorizeGame.app */,
				8576693627B3391B00B3C286 /* MemorizeGameTests.xctest */,
				8576694027B3391B00B3C286 /* MemorizeGameUITests.xctest */,
			);
			name = Products;
			sourceTree = "<group>";
		};
		8576692827B3391800B3C286 /* MemorizeGame */ = {
			isa = PBXGroup;
			children = (
				853EED2F27C45B0900465632 /* Cardify.swift */,
				8576695327B358C300B3C286 /* MemoryGameModel.swift */,
				8576695527B35AA400B3C286 /* EmojiMemoryGameViewModel.swift */,
				8576692B27B3391800B3C286 /* EmojiMemoryGameView.swift */,
				85505FF627C028B100516E27 /* PieShape.swift */,
				85505FF427BD68A400516E27 /* AspectVGrid.swift */,
				8576692927B3391800B3C286 /* MemorizeGameApp.swift */,
				8576692D27B3391B00B3C286 /* Assets.xcassets */,
				8576692F27B3391B00B3C286 /* Preview Content */,
			);
			path = MemorizeGame;
			sourceTree = "<group>";
		};
		8576692F27B3391B00B3C286 /* Preview Content */ = {
			isa = PBXGroup;
			children = (
				8576693027B3391B00B3C286 /* Preview Assets.xcassets */,
			);
			path = "Preview Content";
			sourceTree = "<group>";
		};
		8576693927B3391B00B3C286 /* MemorizeGameTests */ = {
			isa = PBXGroup;
			children = (
				8576693A27B3391B00B3C286 /* MemorizeGameTests.swift */,
			);
			path = MemorizeGameTests;
			sourceTree = "<group>";
		};
		8576694327B3391B00B3C286 /* MemorizeGameUITests */ = {
			isa = PBXGroup;
			children = (
				8576694427B3391B00B3C286 /* MemorizeGameUITests.swift */,
				8576694627B3391B00B3C286 /* MemorizeGameUITestsLaunchTests.swift */,
			);
			path = MemorizeGameUITests;
			sourceTree = "<group>";
		};
/* End PBXGroup section */

/* Begin PBXNativeTarget section */
		8576692527B3391800B3C286 /* MemorizeGame */ = {
			isa = PBXNativeTarget;
			buildConfigurationList = 8576694A27B3391B00B3C286 /* Build configuration list for PBXNativeTarget "MemorizeGame" */;
			buildPhases = (
				8576692227B3391800B3C286 /* Sources */,
				8576692327B3391800B3C286 /* Frameworks */,
				8576692427B3391800B3C286 /* Resources */,
			);
			buildRules = (
			);
			dependencies = (
			);
			name = MemorizeGame;
			productName = MemorizeGame;
			productReference = 8576692627B3391800B3C286 /* MemorizeGame.app */;
			productType = "com.apple.product-type.application";
		};
		8576693527B3391B00B3C286 /* MemorizeGameTests */ = {
			isa = PBXNativeTarget;
			buildConfigurationList = 8576694D27B3391B00B3C286 /* Build configuration list for PBXNativeTarget "MemorizeGameTests" */;
			buildPhases = (
				8576693227B3391B00B3C286 /* Sources */,
				8576693327B3391B00B3C286 /* Frameworks */,
				8576693427B3391B00B3C286 /* Resources */,
			);
			buildRules = (
			);
			dependencies = (
				8576693827B3391B00B3C286 /* PBXTargetDependency */,
			);
			name = MemorizeGameTests;
			productName = MemorizeGameTests;
			productReference = 8576693627B3391B00B3C286 /* MemorizeGameTests.xctest */;
			productType = "com.apple.product-type.bundle.unit-test";
		};
		8576693F27B3391B00B3C286 /* MemorizeGameUITests */ = {
			isa = PBXNativeTarget;
			buildConfigurationList = 8576695027B3391B00B3C286 /* Build configuration list for PBXNativeTarget "MemorizeGameUITests" */;
			buildPhases = (
				8576693C27B3391B00B3C286 /* Sources */,
				8576693D27B3391B00B3C286 /* Frameworks */,
				8576693E27B3391B00B3C286 /* Resources */,
			);
			buildRules = (
			);
			dependencies = (
				8576694227B3391B00B3C286 /* PBXTargetDependency */,
			);
			name = MemorizeGameUITests;
			productName = MemorizeGameUITests;
			productReference = 8576694027B3391B00B3C286 /* MemorizeGameUITests.xctest */;
			productType = "com.apple.product-type.bundle.ui-testing";
		};
/* End PBXNativeTarget section */

/* Begin PBXProject section */
		8576691E27B3391800B3C286 /* Project object */ = {
			isa = PBXProject;
			attributes = {
				BuildIndependentTargetsInParallel = 1;
				LastSwiftUpdateCheck = 1320;
				LastUpgradeCheck = 1320;
				TargetAttributes = {
					8576692527B3391800B3C286 = {
						CreatedOnToolsVersion = 13.2.1;
					};
					8576693527B3391B00B3C286 = {
						CreatedOnToolsVersion = 13.2.1;
						TestTargetID = 8576692527B3391800B3C286;
					};
					8576693F27B3391B00B3C286 = {
						CreatedOnToolsVersion = 13.2.1;
						TestTargetID = 8576692527B3391800B3C286;
					};
				};
			};
			buildConfigurationList = 8576692127B3391800B3C286 /* Build configuration list for PBXProject "MemorizeGame" */;
			compatibilityVersion = "Xcode 13.0";
			developmentRegion = en;
			hasScannedForEncodings = 0;
			knownRegions = (
				en,
				Base,
			);
			mainGroup = 8576691D27B3391800B3C286;
			productRefGroup = 8576692727B3391800B3C286 /* Products */;
			projectDirPath = "";
			projectRoot = "";
			targets = (
				8576692527B3391800B3C286 /* MemorizeGame */,
				8576693527B3391B00B3C286 /* MemorizeGameTests */,
				8576693F27B3391B00B3C286 /* MemorizeGameUITests */,
			);
		};
/* End PBXProject section */

/* Begin PBXResourcesBuildPhase section */
		8576692427B3391800B3C286 /* Resources */ = {
			isa = PBXResourcesBuildPhase;
			buildActionMask = 2147483647;
			files = (
				8576693127B3391B00B3C286 /* Preview Assets.xcassets in Resources */,
				8576692E27B3391B00B3C286 /* Assets.xcassets in Resources */,
			);
			runOnlyForDeploymentPostprocessing = 0;
		};
		8576693427B3391B00B3C286 /* Resources */ = {
			isa = PBXResourcesBuildPhase;
			buildActionMask = 2147483647;
			files = (
			);
			runOnlyForDeploymentPostprocessing = 0;
		};
		8576693E27B3391B00B3C286 /* Resources */ = {
			isa = PBXResourcesBuildPhase;
			buildActionMask = 2147483647;
			files = (
			);
			runOnlyForDeploymentPostprocessing = 0;
		};
/* End PBXResourcesBuildPhase section */

/* Begin PBXSourcesBuildPhase section */
		8576692227B3391800B3C286 /* Sources */ = {
			isa = PBXSourcesBuildPhase;
			buildActionMask = 2147483647;
			files = (
				8576695627B35AA400B3C286 /* EmojiMemoryGameViewModel.swift in Sources */,
				853EED3027C45B0900465632 /* Cardify.swift in Sources */,
				8576692C27B3391800B3C286 /* EmojiMemoryGameView.swift in Sources */,
				8576695427B358C300B3C286 /* MemoryGameModel.swift in Sources */,
				85505FF527BD68A400516E27 /* AspectVGrid.swift in Sources */,
				85505FF727C028B100516E27 /* PieShape.swift in Sources */,
				8576692A27B3391800B3C286 /* MemorizeGameApp.swift in Sources */,
			);
			runOnlyForDeploymentPostprocessing = 0;
		};
		8576693227B3391B00B3C286 /* Sources */ = {
			isa = PBXSourcesBuildPhase;
			buildActionMask = 2147483647;
			files = (
				8576693B27B3391B00B3C286 /* MemorizeGameTests.swift in Sources */,
			);
			runOnlyForDeploymentPostprocessing = 0;
		};
		8576693C27B3391B00B3C286 /* Sources */ = {
			isa = PBXSourcesBuildPhase;
			buildActionMask = 2147483647;
			files = (
				8576694727B3391B00B3C286 /* MemorizeGameUITestsLaunchTests.swift in Sources */,
				8576694527B3391B00B3C286 /* MemorizeGameUITests.swift in Sources */,
			);
			runOnlyForDeploymentPostprocessing = 0;
		};
/* End PBXSourcesBuildPhase section */

/* Begin PBXTargetDependency section */
		8576693827B3391B00B3C286 /* PBXTargetDependency */ = {
			isa = PBXTargetDependency;
			target = 8576692527B3391800B3C286 /* MemorizeGame */;
			targetProxy = 8576693727B3391B00B3C286 /* PBXContainerItemProxy */;
		};
		8576694227B3391B00B3C286 /* PBXTargetDependency */ = {
			isa = PBXTargetDependency;
			target = 8576692527B3391800B3C286 /* MemorizeGame */;
			targetProxy = 8576694127B3391B00B3C286 /* PBXContainerItemProxy */;
		};
/* End PBXTargetDependency section */

/* Begin XCBuildConfiguration section */
		8576694827B3391B00B3C286 /* Debug */ = {
			isa = XCBuildConfiguration;
			buildSettings = {
				ALWAYS_SEARCH_USER_PATHS = NO;
				CLANG_ANALYZER_NONNULL = YES;
				CLANG_ANALYZER_NUMBER_OBJECT_CONVERSION = YES_AGGRESSIVE;
				CLANG_CXX_LANGUAGE_STANDARD = "gnu++17";
				CLANG_CXX_LIBRARY = "libc++";
				CLANG_ENABLE_MODULES = YES;
				CLANG_ENABLE_OBJC_ARC = YES;
				CLANG_ENABLE_OBJC_WEAK = YES;
				CLANG_WARN_BLOCK_CAPTURE_AUTORELEASING = YES;
				CLANG_WARN_BOOL_CONVERSION = YES;
				CLANG_WARN_COMMA = YES;
				CLANG_WARN_CONSTANT_CONVERSION = YES;
				CLANG_WARN_DEPRECATED_OBJC_IMPLEMENTATIONS = YES;
				CLANG_WARN_DIRECT_OBJC_ISA_USAGE = YES_ERROR;
				CLANG_WARN_DOCUMENTATION_COMMENTS = YES;
				CLANG_WARN_EMPTY_BODY = YES;
				CLANG_WARN_ENUM_CONVERSION = YES;
				CLANG_WARN_INFINITE_RECURSION = YES;
				CLANG_WARN_INT_CONVERSION = YES;
				CLANG_WARN_NON_LITERAL_NULL_CONVERSION = YES;
				CLANG_WARN_OBJC_IMPLICIT_RETAIN_SELF = YES;
				CLANG_WARN_OBJC_LITERAL_CONVERSION = YES;
				CLANG_WARN_OBJC_ROOT_CLASS = YES_ERROR;
				CLANG_WARN_QUOTED_INCLUDE_IN_FRAMEWORK_HEADER = YES;
				CLANG_WARN_RANGE_LOOP_ANALYSIS = YES;
				CLANG_WARN_STRICT_PROTOTYPES = YES;
				CLANG_WARN_SUSPICIOUS_MOVE = YES;
				CLANG_WARN_UNGUARDED_AVAILABILITY = YES_AGGRESSIVE;
				CLANG_WARN_UNREACHABLE_CODE = YES;
				CLANG_WARN__DUPLICATE_METHOD_MATCH = YES;
				COPY_PHASE_STRIP = NO;
				DEBUG_INFORMATION_FORMAT = dwarf;
				ENABLE_STRICT_OBJC_MSGSEND = YES;
				ENABLE_TESTABILITY = YES;
				GCC_C_LANGUAGE_STANDARD = gnu11;
				GCC_DYNAMIC_NO_PIC = NO;
				GCC_NO_COMMON_BLOCKS = YES;
				GCC_OPTIMIZATION_LEVEL = 0;
				GCC_PREPROCESSOR_DEFINITIONS = (
					"DEBUG=1",
					"$(inherited)",
				);
				GCC_WARN_64_TO_32_BIT_CONVERSION = YES;
				GCC_WARN_ABOUT_RETURN_TYPE = YES_ERROR;
				GCC_WARN_UNDECLARED_SELECTOR = YES;
				GCC_WARN_UNINITIALIZED_AUTOS = YES_AGGRESSIVE;
				GCC_WARN_UNUSED_FUNCTION = YES;
				GCC_WARN_UNUSED_VARIABLE = YES;
				IPHONEOS_DEPLOYMENT_TARGET = 15.2;
				MTL_ENABLE_DEBUG_INFO = INCLUDE_SOURCE;
				MTL_FAST_MATH = YES;
				ONLY_ACTIVE_ARCH = YES;
				SDKROOT = iphoneos;
				SWIFT_ACTIVE_COMPILATION_CONDITIONS = DEBUG;
				SWIFT_OPTIMIZATION_LEVEL = "-Onone";
			};
			name = Debug;
		};
		8576694927B3391B00B3C286 /* Release */ = {
			isa = XCBuildConfiguration;
			buildSettings = {
				ALWAYS_SEARCH_USER_PATHS = NO;
				CLANG_ANALYZER_NONNULL = YES;
				CLANG_ANALYZER_NUMBER_OBJECT_CONVERSION = YES_AGGRESSIVE;
				CLANG_CXX_LANGUAGE_STANDARD = "gnu++17";
				CLANG_CXX_LIBRARY = "libc++";
				CLANG_ENABLE_MODULES = YES;
				CLANG_ENABLE_OBJC_ARC = YES;
				CLANG_ENABLE_OBJC_WEAK = YES;
				CLANG_WARN_BLOCK_CAPTURE_AUTORELEASING = YES;
				CLANG_WARN_BOOL_CONVERSION = YES;
				CLANG_WARN_COMMA = YES;
				CLANG_WARN_CONSTANT_CONVERSION = YES;
				CLANG_WARN_DEPRECATED_OBJC_IMPLEMENTATIONS = YES;
				CLANG_WARN_DIRECT_OBJC_ISA_USAGE = YES_ERROR;
				CLANG_WARN_DOCUMENTATION_COMMENTS = YES;
				CLANG_WARN_EMPTY_BODY = YES;
				CLANG_WARN_ENUM_CONVERSION = YES;
				CLANG_WARN_INFINITE_RECURSION = YES;
				CLANG_WARN_INT_CONVERSION = YES;
				CLANG_WARN_NON_LITERAL_NULL_CONVERSION = YES;
				CLANG_WARN_OBJC_IMPLICIT_RETAIN_SELF = YES;
				CLANG_WARN_OBJC_LITERAL_CONVERSION = YES;
				CLANG_WARN_OBJC_ROOT_CLASS = YES_ERROR;
				CLANG_WARN_QUOTED_INCLUDE_IN_FRAMEWORK_HEADER = YES;
				CLANG_WARN_RANGE_LOOP_ANALYSIS = YES;
				CLANG_WARN_STRICT_PROTOTYPES = YES;
				CLANG_WARN_SUSPICIOUS_MOVE = YES;
				CLANG_WARN_UNGUARDED_AVAILABILITY = YES_AGGRESSIVE;
				CLANG_WARN_UNREACHABLE_CODE = YES;
				CLANG_WARN__DUPLICATE_METHOD_MATCH = YES;
				COPY_PHASE_STRIP = NO;
				DEBUG_INFORMATION_FORMAT = "dwarf-with-dsym";
				ENABLE_NS_ASSERTIONS = NO;
				ENABLE_STRICT_OBJC_MSGSEND = YES;
				GCC_C_LANGUAGE_STANDARD = gnu11;
				GCC_NO_COMMON_BLOCKS = YES;
				GCC_WARN_64_TO_32_BIT_CONVERSION = YES;
				GCC_WARN_ABOUT_RETURN_TYPE = YES_ERROR;
				GCC_WARN_UNDECLARED_SELECTOR = YES;
				GCC_WARN_UNINITIALIZED_AUTOS = YES_AGGRESSIVE;
				GCC_WARN_UNUSED_FUNCTION = YES;
				GCC_WARN_UNUSED_VARIABLE = YES;
				IPHONEOS_DEPLOYMENT_TARGET = 15.2;
				MTL_ENABLE_DEBUG_INFO = NO;
				MTL_FAST_MATH = YES;
				SDKROOT = iphoneos;
				SWIFT_COMPILATION_MODE = wholemodule;
				SWIFT_OPTIMIZATION_LEVEL = "-O";
				VALIDATE_PRODUCT = YES;
			};
			name = Release;
		};
		8576694B27B3391B00B3C286 /* Debug */ = {
			isa = XCBuildConfiguration;
			buildSettings = {
				ASSETCATALOG_COMPILER_APPICON_NAME = AppIcon;
				ASSETCATALOG_COMPILER_GLOBAL_ACCENT_COLOR_NAME = AccentColor;
				CODE_SIGN_STYLE = Automatic;
				CURRENT_PROJECT_VERSION = 1;
				DEVELOPMENT_ASSET_PATHS = "\"MemorizeGame/Preview Content\"";
				DEVELOPMENT_TEAM = 594J5N6CCN;
				ENABLE_PREVIEWS = YES;
				GENERATE_INFOPLIST_FILE = YES;
				INFOPLIST_KEY_UIApplicationSceneManifest_Generation = YES;
				INFOPLIST_KEY_UIApplicationSupportsIndirectInputEvents = YES;
				INFOPLIST_KEY_UILaunchScreen_Generation = YES;
				INFOPLIST_KEY_UISupportedInterfaceOrientations_iPad = "UIInterfaceOrientationPortrait UIInterfaceOrientationPortraitUpsideDown UIInterfaceOrientationLandscapeLeft UIInterfaceOrientationLandscapeRight";
				INFOPLIST_KEY_UISupportedInterfaceOrientations_iPhone = "UIInterfaceOrientationPortrait UIInterfaceOrientationLandscapeLeft UIInterfaceOrientationLandscapeRight";
				LD_RUNPATH_SEARCH_PATHS = (
					"$(inherited)",
					"@executable_path/Frameworks",
				);
				MARKETING_VERSION = 1.0;
				PRODUCT_BUNDLE_IDENTIFIER = "Entangled-Mind.MemorizeGame";
				PRODUCT_NAME = "$(TARGET_NAME)";
				SWIFT_EMIT_LOC_STRINGS = YES;
				SWIFT_VERSION = 5.0;
				TARGETED_DEVICE_FAMILY = "1,2";
			};
			name = Debug;
		};
		8576694C27B3391B00B3C286 /* Release */ = {
			isa = XCBuildConfiguration;
			buildSettings = {
				ASSETCATALOG_COMPILER_APPICON_NAME = AppIcon;
				ASSETCATALOG_COMPILER_GLOBAL_ACCENT_COLOR_NAME = AccentColor;
				CODE_SIGN_STYLE = Automatic;
				CURRENT_PROJECT_VERSION = 1;
				DEVELOPMENT_ASSET_PATHS = "\"MemorizeGame/Preview Content\"";
				DEVELOPMENT_TEAM = 594J5N6CCN;
				ENABLE_PREVIEWS = YES;
				GENERATE_INFOPLIST_FILE = YES;
				INFOPLIST_KEY_UIApplicationSceneManifest_Generation = YES;
				INFOPLIST_KEY_UIApplicationSupportsIndirectInputEvents = YES;
				INFOPLIST_KEY_UILaunchScreen_Generation = YES;
				INFOPLIST_KEY_UISupportedInterfaceOrientations_iPad = "UIInterfaceOrientationPortrait UIInterfaceOrientationPortraitUpsideDown UIInterfaceOrientationLandscapeLeft UIInterfaceOrientationLandscapeRight";
				INFOPLIST_KEY_UISupportedInterfaceOrientations_iPhone = "UIInterfaceOrientationPortrait UIInterfaceOrientationLandscapeLeft UIInterfaceOrientationLandscapeRight";
				LD_RUNPATH_SEARCH_PATHS = (
					"$(inherited)",
					"@executable_path/Frameworks",
				);
				MARKETING_VERSION = 1.0;
				PRODUCT_BUNDLE_IDENTIFIER = "Entangled-Mind.MemorizeGame";
				PRODUCT_NAME = "$(TARGET_NAME)";
				SWIFT_EMIT_LOC_STRINGS = YES;
				SWIFT_VERSION = 5.0;
				TARGETED_DEVICE_FAMILY = "1,2";
			};
			name = Release;
		};
		8576694E27B3391B00B3C286 /* Debug */ = {
			isa = XCBuildConfiguration;
			buildSettings = {
				ALWAYS_EMBED_SWIFT_STANDARD_LIBRARIES = YES;
				BUNDLE_LOADER = "$(TEST_HOST)";
				CODE_SIGN_STYLE = Automatic;
				CURRENT_PROJECT_VERSION = 1;
				DEVELOPMENT_TEAM = 594J5N6CCN;
				GENERATE_INFOPLIST_FILE = YES;
				IPHONEOS_DEPLOYMENT_TARGET = 15.2;
				MARKETING_VERSION = 1.0;
				PRODUCT_BUNDLE_IDENTIFIER = "Entangled-Mind.MemorizeGameTests";
				PRODUCT_NAME = "$(TARGET_NAME)";
				SWIFT_EMIT_LOC_STRINGS = NO;
				SWIFT_VERSION = 5.0;
				TARGETED_DEVICE_FAMILY = "1,2";
				TEST_HOST = "$(BUILT_PRODUCTS_DIR)/MemorizeGame.app/MemorizeGame";
			};
			name = Debug;
		};
		8576694F27B3391B00B3C286 /* Release */ = {
			isa = XCBuildConfiguration;
			buildSettings = {
				ALWAYS_EMBED_SWIFT_STANDARD_LIBRARIES = YES;
				BUNDLE_LOADER = "$(TEST_HOST)";
				CODE_SIGN_STYLE = Automatic;
				CURRENT_PROJECT_VERSION = 1;
				DEVELOPMENT_TEAM = 594J5N6CCN;
				GENERATE_INFOPLIST_FILE = YES;
				IPHONEOS_DEPLOYMENT_TARGET = 15.2;
				MARKETING_VERSION = 1.0;
				PRODUCT_BUNDLE_IDENTIFIER = "Entangled-Mind.MemorizeGameTests";
				PRODUCT_NAME = "$(TARGET_NAME)";
				SWIFT_EMIT_LOC_STRINGS = NO;
				SWIFT_VERSION = 5.0;
				TARGETED_DEVICE_FAMILY = "1,2";
				TEST_HOST = "$(BUILT_PRODUCTS_DIR)/MemorizeGame.app/MemorizeGame";
			};
			name = Release;
		};
		8576695127B3391B00B3C286 /* Debug */ = {
			isa = XCBuildConfiguration;
			buildSettings = {
				ALWAYS_EMBED_SWIFT_STANDARD_LIBRARIES = YES;
				CODE_SIGN_STYLE = Automatic;
				CURRENT_PROJECT_VERSION = 1;
				DEVELOPMENT_TEAM = 594J5N6CCN;
				GENERATE_INFOPLIST_FILE = YES;
				MARKETING_VERSION = 1.0;
				PRODUCT_BUNDLE_IDENTIFIER = "Entangled-Mind.MemorizeGameUITests";
				PRODUCT_NAME = "$(TARGET_NAME)";
				SWIFT_EMIT_LOC_STRINGS = NO;
				SWIFT_VERSION = 5.0;
				TARGETED_DEVICE_FAMILY = "1,2";
				TEST_TARGET_NAME = MemorizeGame;
			};
			name = Debug;
		};
		8576695227B3391B00B3C286 /* Release */ = {
			isa = XCBuildConfiguration;
			buildSettings = {
				ALWAYS_EMBED_SWIFT_STANDARD_LIBRARIES = YES;
				CODE_SIGN_STYLE = Automatic;
				CURRENT_PROJECT_VERSION = 1;
				DEVELOPMENT_TEAM = 594J5N6CCN;
				GENERATE_INFOPLIST_FILE = YES;
				MARKETING_VERSION = 1.0;
				PRODUCT_BUNDLE_IDENTIFIER = "Entangled-Mind.MemorizeGameUITests";
				PRODUCT_NAME = "$(TARGET_NAME)";
				SWIFT_EMIT_LOC_STRINGS = NO;
				SWIFT_VERSION = 5.0;
				TARGETED_DEVICE_FAMILY = "1,2";
				TEST_TARGET_NAME = MemorizeGame;
			};
			name = Release;
		};
/* End XCBuildConfiguration section */

/* Begin XCConfigurationList section */
		8576692127B3391800B3C286 /* Build configuration list for PBXProject "MemorizeGame" */ = {
			isa = XCConfigurationList;
			buildConfigurations = (
				8576694827B3391B00B3C286 /* Debug */,
				8576694927B3391B00B3C286 /* Release */,
			);
			defaultConfigurationIsVisible = 0;
			defaultConfigurationName = Release;
		};
		8576694A27B3391B00B3C286 /* Build configuration list for PBXNativeTarget "MemorizeGame" */ = {
			isa = XCConfigurationList;
			buildConfigurations = (
				8576694B27B3391B00B3C286 /* Debug */,
				8576694C27B3391B00B3C286 /* Release */,
			);
			defaultConfigurationIsVisible = 0;
			defaultConfigurationName = Release;
		};
		8576694D27B3391B00B3C286 /* Build configuration list for PBXNativeTarget "MemorizeGameTests" */ = {
			isa = XCConfigurationList;
			buildConfigurations = (
				8576694E27B3391B00B3C286 /* Debug */,
				8576694F27B3391B00B3C286 /* Release */,
			);
			defaultConfigurationIsVisible = 0;
			defaultConfigurationName = Release;
		};
		8576695027B3391B00B3C286 /* Build configuration list for PBXNativeTarget "MemorizeGameUITests" */ = {
			isa = XCConfigurationList;
			buildConfigurations = (
				8576695127B3391B00B3C286 /* Debug */,
				8576695227B3391B00B3C286 /* Release */,
			);
			defaultConfigurationIsVisible = 0;
			defaultConfigurationName = Release;
		};
/* End XCConfigurationList section */
	};
	rootObject = 8576691E27B3391800B3C286 /* Project object */;
}
